github.com/wup364/pakku v0.0.6 h1:A6XUDmqrzvqmR5iKTiUYMcTJg7XbumYvL8uil9Hbbc0=
github.com/wup364/pakku v0.0.6/go.mod h1:W19oCFXIoPzNZpt3DuJ+dFPBYPgZO/gKQm8cl0y0bAg=
github.com/wup364/pakku v0.0.8 h1:6FQqACoqvSL6ELeuuzc+xAvw8b+TsrQEJXIZi7ahm5w=
github.com/wup364/pakku v0.0.8/go.mod h1:TbmXbV84MiTuRq/CZ49rOfA4io1xb0XX5ufEjqU0FAI=
